
Microsoft Visual Studio Solution File, Format Version 12.00
# Visual Studio Version 16
VisualStudioVersion = 16.0.29215.179
MinimumVisualStudioVersion = 10.0.40219.1
Project("{FAE04EC0-301F-11D3-BF4B-00C04F79EFBC}") = "QuickBuy.Dominio", "QuickBuy.Dominio\QuickBuy.Dominio.csproj", "{88DC89DD-3F3F-42D6-837B-06EAE2380C77}"
EndProject
Project("{FAE04EC0-301F-11D3-BF4B-00C04F79EFBC}") = "QuickBuy.Repositorio", "QuickBuy.Repositorio\QuickBuy.Repositorio.csproj", "{3F86A513-B1AD-42D5-9395-89886C18FA10}"
EndProject
Project("{FAE04EC0-301F-11D3-BF4B-00C04F79EFBC}") = "QuickBuy.Web", "QuickBuy.Web\QuickBuy.Web.csproj", "{EC8298F7-14DB-4791-8B7C-D2219B43F2F4}"
EndProject
Global
	GlobalSection(SolutionConfigurationPlatforms) = preSolution
		Debug|Any CPU = Debug|Any CPU
		Release|Any CPU = Release|Any CPU
	EndGlobalSection
	GlobalSection(ProjectConfigurationPlatforms) = postSolution
		{88DC89DD-3F3F-42D6-837B-06EAE2380C77}.Debug|Any CPU.ActiveCfg = Debug|Any CPU
		{88DC89DD-3F3F-42D6-837B-06EAE2380C77}.Debug|Any CPU.Build.0 = Debug|Any CPU
		{88DC89DD-3F3F-42D6-837B-06EAE2380C77}.Release|Any CPU.ActiveCfg = Release|Any CPU
		{88DC89DD-3F3F-42D6-837B-06EAE2380C77}.Release|Any CPU.Build.0 = Release|Any CPU
		{3F86A513-B1AD-42D5-9395-89886C18FA10}.Debug|Any CPU.ActiveCfg = Debug|Any CPU
		{3F86A513-B1AD-42D5-9395-89886C18FA10}.Debug|Any CPU.Build.0 = Debug|Any CPU
		{3F86A513-B1AD-42D5-9395-89886C18FA10}.Release|Any CPU.ActiveCfg = Release|Any CPU
		{3F86A513-B1AD-42D5-9395-89886C18FA10}.Release|Any CPU.Build.0 = Release|Any CPU
		{EC8298F7-14DB-4791-8B7C-D2219B43F2F4}.Debug|Any CPU.ActiveCfg = Debug|Any CPU
		{EC8298F7-14DB-4791-8B7C-D2219B43F2F4}.Debug|Any CPU.Build.0 = Debug|Any CPU
		{EC8298F7-14DB-4791-8B7C-D2219B43F2F4}.Release|Any CPU.ActiveCfg = Release|Any CPU
		{EC8298F7-14DB-4791-8B7C-D2219B43F2F4}.Release|Any CPU.Build.0 = Release|Any CPU
	EndGlobalSection
	GlobalSection(SolutionProperties) = preSolution
		HideSolutionNode = FALSE
	EndGlobalSection
	GlobalSection(ExtensibilityGlobals) = postSolution
		SolutionGuid = {4ECDF5B6-BCBA-4202-BB7A-9217A9BFB028}
	EndGlobalSection
EndGlobal
